{
  "name": "odysseus",
  "lockfileVersion": 3,
  "requires": true,
  "packages": {
    "": {
      "devDependencies": {
        "@antithesishq/bombadil": "^0.7.2"
      }
    },
    "node_modules/@antithesishq/bombadil": {
      "version": "0.7.2",
      "resolved": "https://registry.npmjs.org/@antithesishq/bombadil/-/bombadil-0.7.2.tgz",
      "integrity": "sha512-Irhtv8XcMewxwZTZA4lURJHq12XLVRJXs6x6mc0M0NnBRpgaTaRP8HmMB/zjlA0GD9QvSXUInPqnQ5tDwyyzTQ==",
      "dev": true,
      "license": "MIT",
      "bin": {
        "bombadil": "bin/bombadil.js"
      }
    }
  }
}
